
Microsoft Visual Studio Solution File, Format Version 12.00
# Visual Studio Version 17
VisualStudioVersion = 17.10.35027.167
MinimumVisualStudioVersion = 10.0.40219.1
Project("{FAE04EC0-301F-11D3-BF4B-00C04F79EFBC}") = "Project4.cs", "Project4.cs\Project4.cs.csproj", "{0EA4AF0D-7089-4D6C-962C-BD32FD5A12F0}"
EndProject
Global
	GlobalSection(SolutionConfigurationPlatforms) = preSolution
		Debug|Any CPU = Debug|Any CPU
		Release|Any CPU = Release|Any CPU
	EndGlobalSection
	GlobalSection(ProjectConfigurationPlatforms) = postSolution
		{0EA4AF0D-7089-4D6C-962C-BD32FD5A12F0}.Debug|Any CPU.ActiveCfg = Debug|Any CPU
		{0EA4AF0D-7089-4D6C-962C-BD32FD5A12F0}.Debug|Any CPU.Build.0 = Debug|Any CPU
		{0EA4AF0D-7089-4D6C-962C-BD32FD5A12F0}.Release|Any CPU.ActiveCfg = Release|Any CPU
		{0EA4AF0D-7089-4D6C-962C-BD32FD5A12F0}.Release|Any CPU.Build.0 = Release|Any CPU
	EndGlobalSection
	GlobalSection(SolutionProperties) = preSolution
		HideSolutionNode = FALSE
	EndGlobalSection
	GlobalSection(ExtensibilityGlobals) = postSolution
		SolutionGuid = {4F78B2DF-9CB2-42A8-B19D-4D2620A41393}
	EndGlobalSection
EndGlobal
